
Microsoft Visual Studio Solution File, Format Version 12.00
# Visual Studio Version 16
VisualStudioVersion = 16.0.30225.117
MinimumVisualStudioVersion = 10.0.40219.1
Project("{FAE04EC0-301F-11D3-BF4B-00C04F79EFBC}") = "Assignment2", "Assignment2\Assignment2.csproj", "{DB1334C4-4A30-4582-A652-41612451C2AA}"
EndProject
Global
	GlobalSection(SolutionConfigurationPlatforms) = preSolution
		Debug|Any CPU = Debug|Any CPU
		Release|Any CPU = Release|Any CPU
	EndGlobalSection
	GlobalSection(ProjectConfigurationPlatforms) = postSolution
		{DB1334C4-4A30-4582-A652-41612451C2AA}.Debug|Any CPU.ActiveCfg = Debug|Any CPU
		{DB1334C4-4A30-4582-A652-41612451C2AA}.Debug|Any CPU.Build.0 = Debug|Any CPU
		{DB1334C4-4A30-4582-A652-41612451C2AA}.Release|Any CPU.ActiveCfg = Release|Any CPU
		{DB1334C4-4A30-4582-A652-41612451C2AA}.Release|Any CPU.Build.0 = Release|Any CPU
	EndGlobalSection
	GlobalSection(SolutionProperties) = preSolution
		HideSolutionNode = FALSE
	EndGlobalSection
	GlobalSection(ExtensibilityGlobals) = postSolution
		SolutionGuid = {2AD8E338-415E-4A5C-9701-F7C217F7B6EA}
	EndGlobalSection
EndGlobal
